
Microsoft Visual Studio Solution File, Format Version 12.00
# Visual Studio Version 17
VisualStudioVersion = 17.12.35707.178
MinimumVisualStudioVersion = 10.0.40219.1
Project("{FAE04EC0-301F-11D3-BF4B-00C04F79EFBC}") = "ShadUI", "src\ShadUI\ShadUI.csproj", "{7F5BD55E-CE7F-4746-A993-2C0ADD4152B7}"
EndProject
Project("{2150E333-8FDC-42A3-9474-1A3956D46DE8}") = "src", "src", "{EB1792AF-C6EF-490D-9F17-AE4E72F108DD}"
EndProject
Project("{FAE04EC0-301F-11D3-BF4B-00C04F79EFBC}") = "ShadUI.Demo", "src\ShadUI.Demo\ShadUI.Demo.csproj", "{7B2C2DCA-8E60-475C-A590-07CB1897FE31}"
EndProject
Project("{C7167F0D-BC9F-4E6E-AFE1-012C56B48DB5}") = "ShadUI.Package", "src\ShadUI.Package\ShadUI.Package.wapproj", "{FACFCC37-FB25-420A-89DF-CAC5915135C7}"
EndProject
Global
	GlobalSection(SolutionConfigurationPlatforms) = preSolution
		Debug|Any CPU = Debug|Any CPU
		Debug|ARM = Debug|ARM
		Debug|ARM64 = Debug|ARM64
		Debug|x64 = Debug|x64
		Debug|x86 = Debug|x86
		Release|Any CPU = Release|Any CPU
		Release|ARM = Release|ARM
		Release|ARM64 = Release|ARM64
		Release|x64 = Release|x64
		Release|x86 = Release|x86
	EndGlobalSection
	GlobalSection(ProjectConfigurationPlatforms) = postSolution
		{7F5BD55E-CE7F-4746-A993-2C0ADD4152B7}.Debug|Any CPU.ActiveCfg = Debug|Any CPU
		{7F5BD55E-CE7F-4746-A993-2C0ADD4152B7}.Debug|Any CPU.Build.0 = Debug|Any CPU
		{7F5BD55E-CE7F-4746-A993-2C0ADD4152B7}.Debug|ARM.ActiveCfg = Debug|Any CPU
		{7F5BD55E-CE7F-4746-A993-2C0ADD4152B7}.Debug|ARM.Build.0 = Debug|Any CPU
		{7F5BD55E-CE7F-4746-A993-2C0ADD4152B7}.Debug|ARM64.ActiveCfg = Debug|Any CPU
		{7F5BD55E-CE7F-4746-A993-2C0ADD4152B7}.Debug|ARM64.Build.0 = Debug|Any CPU
		{7F5BD55E-CE7F-4746-A993-2C0ADD4152B7}.Debug|x64.ActiveCfg = Debug|Any CPU
		{7F5BD55E-CE7F-4746-A993-2C0ADD4152B7}.Debug|x64.Build.0 = Debug|Any CPU
		{7F5BD55E-CE7F-4746-A993-2C0ADD4152B7}.Debug|x86.ActiveCfg = Debug|Any CPU
		{7F5BD55E-CE7F-4746-A993-2C0ADD4152B7}.Debug|x86.Build.0 = Debug|Any CPU
		{7F5BD55E-CE7F-4746-A993-2C0ADD4152B7}.Release|Any CPU.ActiveCfg = Release|Any CPU
		{7F5BD55E-CE7F-4746-A993-2C0ADD4152B7}.Release|Any CPU.Build.0 = Release|Any CPU
		{7F5BD55E-CE7F-4746-A993-2C0ADD4152B7}.Release|ARM.ActiveCfg = Release|Any CPU
		{7F5BD55E-CE7F-4746-A993-2C0ADD4152B7}.Release|ARM.Build.0 = Release|Any CPU
		{7F5BD55E-CE7F-4746-A993-2C0ADD4152B7}.Release|ARM64.ActiveCfg = Release|Any CPU
		{7F5BD55E-CE7F-4746-A993-2C0ADD4152B7}.Release|ARM64.Build.0 = Release|Any CPU
		{7F5BD55E-CE7F-4746-A993-2C0ADD4152B7}.Release|x64.ActiveCfg = Release|x64
		{7F5BD55E-CE7F-4746-A993-2C0ADD4152B7}.Release|x64.Build.0 = Release|x64
		{7F5BD55E-CE7F-4746-A993-2C0ADD4152B7}.Release|x86.ActiveCfg = Release|Any CPU
		{7F5BD55E-CE7F-4746-A993-2C0ADD4152B7}.Release|x86.Build.0 = Release|Any CPU
		{7B2C2DCA-8E60-475C-A590-07CB1897FE31}.Debug|Any CPU.ActiveCfg = Debug|Any CPU
		{7B2C2DCA-8E60-475C-A590-07CB1897FE31}.Debug|Any CPU.Build.0 = Debug|Any CPU
		{7B2C2DCA-8E60-475C-A590-07CB1897FE31}.Debug|ARM.ActiveCfg = Debug|Any CPU
		{7B2C2DCA-8E60-475C-A590-07CB1897FE31}.Debug|ARM.Build.0 = Debug|Any CPU
		{7B2C2DCA-8E60-475C-A590-07CB1897FE31}.Debug|ARM64.ActiveCfg = Debug|Any CPU
		{7B2C2DCA-8E60-475C-A590-07CB1897FE31}.Debug|ARM64.Build.0 = Debug|Any CPU
		{7B2C2DCA-8E60-475C-A590-07CB1897FE31}.Debug|x64.ActiveCfg = Debug|Any CPU
		{7B2C2DCA-8E60-475C-A590-07CB1897FE31}.Debug|x64.Build.0 = Debug|Any CPU
		{7B2C2DCA-8E60-475C-A590-07CB1897FE31}.Debug|x86.ActiveCfg = Debug|Any CPU
		{7B2C2DCA-8E60-475C-A590-07CB1897FE31}.Debug|x86.Build.0 = Debug|Any CPU
		{7B2C2DCA-8E60-475C-A590-07CB1897FE31}.Release|Any CPU.ActiveCfg = Release|Any CPU
		{7B2C2DCA-8E60-475C-A590-07CB1897FE31}.Release|Any CPU.Build.0 = Release|Any CPU
		{7B2C2DCA-8E60-475C-A590-07CB1897FE31}.Release|ARM.ActiveCfg = Release|Any CPU
		{7B2C2DCA-8E60-475C-A590-07CB1897FE31}.Release|ARM.Build.0 = Release|Any CPU
		{7B2C2DCA-8E60-475C-A590-07CB1897FE31}.Release|ARM64.ActiveCfg = Release|Any CPU
		{7B2C2DCA-8E60-475C-A590-07CB1897FE31}.Release|ARM64.Build.0 = Release|Any CPU
		{7B2C2DCA-8E60-475C-A590-07CB1897FE31}.Release|x64.ActiveCfg = Release|x64
		{7B2C2DCA-8E60-475C-A590-07CB1897FE31}.Release|x64.Build.0 = Release|x64
		{7B2C2DCA-8E60-475C-A590-07CB1897FE31}.Release|x86.ActiveCfg = Release|Any CPU
		{7B2C2DCA-8E60-475C-A590-07CB1897FE31}.Release|x86.Build.0 = Release|Any CPU
		{FACFCC37-FB25-420A-89DF-CAC5915135C7}.Debug|Any CPU.ActiveCfg = Debug|Any CPU
		{FACFCC37-FB25-420A-89DF-CAC5915135C7}.Debug|ARM.ActiveCfg = Debug|ARM
		{FACFCC37-FB25-420A-89DF-CAC5915135C7}.Debug|ARM.Build.0 = Debug|ARM
		{FACFCC37-FB25-420A-89DF-CAC5915135C7}.Debug|ARM.Deploy.0 = Debug|ARM
		{FACFCC37-FB25-420A-89DF-CAC5915135C7}.Debug|ARM64.ActiveCfg = Debug|ARM64
		{FACFCC37-FB25-420A-89DF-CAC5915135C7}.Debug|ARM64.Build.0 = Debug|ARM64
		{FACFCC37-FB25-420A-89DF-CAC5915135C7}.Debug|ARM64.Deploy.0 = Debug|ARM64
		{FACFCC37-FB25-420A-89DF-CAC5915135C7}.Debug|x64.ActiveCfg = Release|x64
		{FACFCC37-FB25-420A-89DF-CAC5915135C7}.Debug|x64.Build.0 = Release|x64
		{FACFCC37-FB25-420A-89DF-CAC5915135C7}.Debug|x64.Deploy.0 = Release|x64
		{FACFCC37-FB25-420A-89DF-CAC5915135C7}.Debug|x86.ActiveCfg = Debug|x86
		{FACFCC37-FB25-420A-89DF-CAC5915135C7}.Debug|x86.Build.0 = Debug|x86
		{FACFCC37-FB25-420A-89DF-CAC5915135C7}.Debug|x86.Deploy.0 = Debug|x86
		{FACFCC37-FB25-420A-89DF-CAC5915135C7}.Release|Any CPU.ActiveCfg = Release|Any CPU
		{FACFCC37-FB25-420A-89DF-CAC5915135C7}.Release|Any CPU.Build.0 = Release|Any CPU
		{FACFCC37-FB25-420A-89DF-CAC5915135C7}.Release|Any CPU.Deploy.0 = Release|Any CPU
		{FACFCC37-FB25-420A-89DF-CAC5915135C7}.Release|ARM.ActiveCfg = Release|ARM
		{FACFCC37-FB25-420A-89DF-CAC5915135C7}.Release|ARM.Build.0 = Release|ARM
		{FACFCC37-FB25-420A-89DF-CAC5915135C7}.Release|ARM.Deploy.0 = Release|ARM
		{FACFCC37-FB25-420A-89DF-CAC5915135C7}.Release|ARM64.ActiveCfg = Release|ARM64
		{FACFCC37-FB25-420A-89DF-CAC5915135C7}.Release|ARM64.Build.0 = Release|ARM64
		{FACFCC37-FB25-420A-89DF-CAC5915135C7}.Release|ARM64.Deploy.0 = Release|ARM64
		{FACFCC37-FB25-420A-89DF-CAC5915135C7}.Release|x64.ActiveCfg = Release|x64
		{FACFCC37-FB25-420A-89DF-CAC5915135C7}.Release|x64.Build.0 = Release|x64
		{FACFCC37-FB25-420A-89DF-CAC5915135C7}.Release|x64.Deploy.0 = Release|x64
		{FACFCC37-FB25-420A-89DF-CAC5915135C7}.Release|x86.ActiveCfg = Release|x86
		{FACFCC37-FB25-420A-89DF-CAC5915135C7}.Release|x86.Build.0 = Release|x86
		{FACFCC37-FB25-420A-89DF-CAC5915135C7}.Release|x86.Deploy.0 = Release|x86
	EndGlobalSection
	GlobalSection(SolutionProperties) = preSolution
		HideSolutionNode = FALSE
	EndGlobalSection
	GlobalSection(NestedProjects) = preSolution
		{7F5BD55E-CE7F-4746-A993-2C0ADD4152B7} = {EB1792AF-C6EF-490D-9F17-AE4E72F108DD}
		{7B2C2DCA-8E60-475C-A590-07CB1897FE31} = {EB1792AF-C6EF-490D-9F17-AE4E72F108DD}
		{FACFCC37-FB25-420A-89DF-CAC5915135C7} = {EB1792AF-C6EF-490D-9F17-AE4E72F108DD}
	EndGlobalSection
EndGlobal
