
Microsoft Visual Studio Solution File, Format Version 12.00
Project("{FAE04EC0-301F-11D3-BF4B-00C04F79EFBC}") = "ShadUI", "src\ShadUI\ShadUI.csproj", "{7F5BD55E-CE7F-4746-A993-2C0ADD4152B7}"
EndProject
Project("{2150E333-8FDC-42A3-9474-1A3956D46DE8}") = "src", "src", "{EB1792AF-C6EF-490D-9F17-AE4E72F108DD}"
EndProject
Project("{FAE04EC0-301F-11D3-BF4B-00C04F79EFBC}") = "ShadUI.Demo", "src\ShadUI.Demo\ShadUI.Demo.csproj", "{7B2C2DCA-8E60-475C-A590-07CB1897FE31}"
EndProject
Global
	GlobalSection(SolutionConfigurationPlatforms) = preSolution
		Debug|Any CPU = Debug|Any CPU
		Release|Any CPU = Release|Any CPU
	EndGlobalSection
	GlobalSection(ProjectConfigurationPlatforms) = postSolution
		{7F5BD55E-CE7F-4746-A993-2C0ADD4152B7}.Debug|Any CPU.ActiveCfg = Debug|Any CPU
		{7F5BD55E-CE7F-4746-A993-2C0ADD4152B7}.Debug|Any CPU.Build.0 = Debug|Any CPU
		{7F5BD55E-CE7F-4746-A993-2C0ADD4152B7}.Release|Any CPU.ActiveCfg = Release|Any CPU
		{7F5BD55E-CE7F-4746-A993-2C0ADD4152B7}.Release|Any CPU.Build.0 = Release|Any CPU
		{7B2C2DCA-8E60-475C-A590-07CB1897FE31}.Debug|Any CPU.ActiveCfg = Debug|Any CPU
		{7B2C2DCA-8E60-475C-A590-07CB1897FE31}.Debug|Any CPU.Build.0 = Debug|Any CPU
		{7B2C2DCA-8E60-475C-A590-07CB1897FE31}.Release|Any CPU.ActiveCfg = Release|Any CPU
		{7B2C2DCA-8E60-475C-A590-07CB1897FE31}.Release|Any CPU.Build.0 = Release|Any CPU
	EndGlobalSection
	GlobalSection(NestedProjects) = preSolution
		{7F5BD55E-CE7F-4746-A993-2C0ADD4152B7} = {EB1792AF-C6EF-490D-9F17-AE4E72F108DD}
		{7B2C2DCA-8E60-475C-A590-07CB1897FE31} = {EB1792AF-C6EF-490D-9F17-AE4E72F108DD}
	EndGlobalSection
EndGlobal
